
Microsoft Visual Studio Solution File, Format Version 12.00
# Visual Studio 15
VisualStudioVersion = 15.0.28307.1525
MinimumVisualStudioVersion = 10.0.40219.1
Project("{FAE04EC0-301F-11D3-BF4B-00C04F79EFBC}") = "DiegoFrameworkWebApplication", "DiegoFrameworkWebApplication\DiegoFrameworkWebApplication.csproj", "{92889B6D-D63F-44C4-8D38-B12BB5FA95AB}"
EndProject
Global
	GlobalSection(SolutionConfigurationPlatforms) = preSolution
		Debug|Any CPU = Debug|Any CPU
		Release|Any CPU = Release|Any CPU
	EndGlobalSection
	GlobalSection(ProjectConfigurationPlatforms) = postSolution
		{92889B6D-D63F-44C4-8D38-B12BB5FA95AB}.Debug|Any CPU.ActiveCfg = Debug|Any CPU
		{92889B6D-D63F-44C4-8D38-B12BB5FA95AB}.Debug|Any CPU.Build.0 = Debug|Any CPU
		{92889B6D-D63F-44C4-8D38-B12BB5FA95AB}.Release|Any CPU.ActiveCfg = Release|Any CPU
		{92889B6D-D63F-44C4-8D38-B12BB5FA95AB}.Release|Any CPU.Build.0 = Release|Any CPU
	EndGlobalSection
	GlobalSection(SolutionProperties) = preSolution
		HideSolutionNode = FALSE
	EndGlobalSection
	GlobalSection(ExtensibilityGlobals) = postSolution
		SolutionGuid = {71DA8BF6-CCBB-4B97-872A-8DBBD2EE6EBF}
	EndGlobalSection
EndGlobal
